# This file is autogenerated, do not edit; changes may be undone by the next 'dep ensure'.


[[projects]]
  name = "github.com/konsorten/go-windows-terminal-sequences"
  packages = ["."]
  revision = "f55edac94c9bbba5d6182a4be46d86a2c9b5b50e"
  version = "v1.0.2"

[[projects]]
  name = "github.com/sirupsen/logrus"
  packages = ["."]
  revision = "839c75faf7f98a33d445d181f3018b5c3409a45e"
  version = "v1.4.2"

[[projects]]
  name = "github.com/xiaojiaoyu100/curlew"
  packages = ["."]
  revision = "b9ac0f9fcfabb049db3adab6cf7b68e40b243252"
  version = "v0.2.1"

[[projects]]
  branch = "master"
  name = "golang.org/x/sys"
  packages = ["unix"]
  revision = "98129a5cf4a0207f7e2202f458737deeaca0514a"

[solve-meta]
  analyzer-name = "dep"
  analyzer-version = 1
  inputs-digest = "1ceaa2efbacae919f2f72becc62444f882b389b0c87c0be638cee777d2acf933"
  solver-name = "gps-cdcl"
  solver-version = 1
