# This file is autogenerated, do not edit; changes may be undone by the next 'dep ensure'.


[[projects]]
  name = "github.com/xiaojiaoyu100/curlew"
  packages = ["."]
  revision = "b417d61887972672762e95438f4828790e58641b"
  version = "v0.0.1"

[solve-meta]
  analyzer-name = "dep"
  analyzer-version = 1
  inputs-digest = "70b2b16a278e834df4381d2b42bc778935e66c538172f7f8618443d7b9c91048"
  solver-name = "gps-cdcl"
  solver-version = 1
